
Microsoft Visual Studio Solution File, Format Version 12.00
# Visual Studio Version 17
VisualStudioVersion = 17.2.32519.379
MinimumVisualStudioVersion = 10.0.40219.1
Project("{9A19103F-16F7-4668-BE54-9A1E7A4F7556}") = "SD-340-W22SD-Final-Project-Group6", "SD-340-W22SD-Final-Project-Group6.csproj", "{A3D2F61E-BBC2-4EED-B857-2D6E403ED3C1}"
EndProject
Project("{FAE04EC0-301F-11D3-BF4B-00C04F79EFBC}") = "UnitTests", "..\UnitTests\UnitTests.csproj", "{C4B36EBF-89DB-4BA1-A7E6-A73F2693A228}"
EndProject
Global
	GlobalSection(SolutionConfigurationPlatforms) = preSolution
		Debug|Any CPU = Debug|Any CPU
		Release|Any CPU = Release|Any CPU
	EndGlobalSection
	GlobalSection(ProjectConfigurationPlatforms) = postSolution
		{A3D2F61E-BBC2-4EED-B857-2D6E403ED3C1}.Debug|Any CPU.ActiveCfg = Debug|Any CPU
		{A3D2F61E-BBC2-4EED-B857-2D6E403ED3C1}.Debug|Any CPU.Build.0 = Debug|Any CPU
		{A3D2F61E-BBC2-4EED-B857-2D6E403ED3C1}.Release|Any CPU.ActiveCfg = Release|Any CPU
		{A3D2F61E-BBC2-4EED-B857-2D6E403ED3C1}.Release|Any CPU.Build.0 = Release|Any CPU
		{C4B36EBF-89DB-4BA1-A7E6-A73F2693A228}.Debug|Any CPU.ActiveCfg = Debug|Any CPU
		{C4B36EBF-89DB-4BA1-A7E6-A73F2693A228}.Debug|Any CPU.Build.0 = Debug|Any CPU
		{C4B36EBF-89DB-4BA1-A7E6-A73F2693A228}.Release|Any CPU.ActiveCfg = Release|Any CPU
		{C4B36EBF-89DB-4BA1-A7E6-A73F2693A228}.Release|Any CPU.Build.0 = Release|Any CPU
	EndGlobalSection
	GlobalSection(SolutionProperties) = preSolution
		HideSolutionNode = FALSE
	EndGlobalSection
	GlobalSection(ExtensibilityGlobals) = postSolution
		SolutionGuid = {2AEDF569-C8E6-4761-931C-F6EA4C093418}
	EndGlobalSection
EndGlobal
